dependencies:
- name: victoria-metrics-k8s-stack
  repository: https://victoriametrics.github.io/helm-charts
  version: 0.75.0
- name: loki-stack
  repository: https://grafana.github.io/helm-charts
  version: 2.10.3
- name: velero
  repository: https://vmware-tanzu.github.io/helm-charts
  version: 12.0.1
- name: velero-ui
  repository: https://helm.otwld.com/
  version: 0.14.0
- name: metrics-server
  repository: https://kubernetes-sigs.github.io/metrics-server/
  version: 3.12.2
digest: sha256:d4581aafc5682656d63e45eb3ed2fba3313117a1d802727eaface677191f9f82
generated: "2026-04-28T16:38:40.729687355+02:00"
